
Microsoft Visual Studio Solution File, Format Version 12.00
# Visual Studio 15
VisualStudioVersion = 15.0.27004.2010
MinimumVisualStudioVersion = 15.0.26124.0
Project("{9A19103F-16F7-4668-BE54-9A1E7A4F7556}") = "WebAnchor", "WebAnchor\WebAnchor.csproj", "{B1DD962D-1A42-435C-8FBD-0DDF3390BE53}"
EndProject
Project("{9A19103F-16F7-4668-BE54-9A1E7A4F7556}") = "WebAnchor.Tests", "WebAnchor.Tests\WebAnchor.Tests.csproj", "{63935C82-7E0D-4B86-A8BB-9E3A52CE9502}"
EndProject
Project("{2150E333-8FDC-42A3-9474-1A3956D46DE8}") = "SolutionItems", "SolutionItems", "{83C966CB-11D4-4542-8EB3-2061E74647E4}"
	ProjectSection(SolutionItems) = preProject
		ProductAssemblyInfo.cs = ProductAssemblyInfo.cs
	EndProjectSection
EndProject
Global
	GlobalSection(SolutionConfigurationPlatforms) = preSolution
		Debug|Any CPU = Debug|Any CPU
		Debug|x64 = Debug|x64
		Debug|x86 = Debug|x86
		Release|Any CPU = Release|Any CPU
		Release|x64 = Release|x64
		Release|x86 = Release|x86
	EndGlobalSection
	GlobalSection(ProjectConfigurationPlatforms) = postSolution
		{B1DD962D-1A42-435C-8FBD-0DDF3390BE53}.Debug|Any CPU.ActiveCfg = Debug|Any CPU
		{B1DD962D-1A42-435C-8FBD-0DDF3390BE53}.Debug|Any CPU.Build.0 = Debug|Any CPU
		{B1DD962D-1A42-435C-8FBD-0DDF3390BE53}.Debug|x64.ActiveCfg = Debug|Any CPU
		{B1DD962D-1A42-435C-8FBD-0DDF3390BE53}.Debug|x64.Build.0 = Debug|Any CPU
		{B1DD962D-1A42-435C-8FBD-0DDF3390BE53}.Debug|x86.ActiveCfg = Debug|Any CPU
		{B1DD962D-1A42-435C-8FBD-0DDF3390BE53}.Debug|x86.Build.0 = Debug|Any CPU
		{B1DD962D-1A42-435C-8FBD-0DDF3390BE53}.Release|Any CPU.ActiveCfg = Release|Any CPU
		{B1DD962D-1A42-435C-8FBD-0DDF3390BE53}.Release|Any CPU.Build.0 = Release|Any CPU
		{B1DD962D-1A42-435C-8FBD-0DDF3390BE53}.Release|x64.ActiveCfg = Release|Any CPU
		{B1DD962D-1A42-435C-8FBD-0DDF3390BE53}.Release|x64.Build.0 = Release|Any CPU
		{B1DD962D-1A42-435C-8FBD-0DDF3390BE53}.Release|x86.ActiveCfg = Release|Any CPU
		{B1DD962D-1A42-435C-8FBD-0DDF3390BE53}.Release|x86.Build.0 = Release|Any CPU
		{63935C82-7E0D-4B86-A8BB-9E3A52CE9502}.Debug|Any CPU.ActiveCfg = Debug|Any CPU
		{63935C82-7E0D-4B86-A8BB-9E3A52CE9502}.Debug|Any CPU.Build.0 = Debug|Any CPU
		{63935C82-7E0D-4B86-A8BB-9E3A52CE9502}.Debug|x64.ActiveCfg = Debug|Any CPU
		{63935C82-7E0D-4B86-A8BB-9E3A52CE9502}.Debug|x64.Build.0 = Debug|Any CPU
		{63935C82-7E0D-4B86-A8BB-9E3A52CE9502}.Debug|x86.ActiveCfg = Debug|Any CPU
		{63935C82-7E0D-4B86-A8BB-9E3A52CE9502}.Debug|x86.Build.0 = Debug|Any CPU
		{63935C82-7E0D-4B86-A8BB-9E3A52CE9502}.Release|Any CPU.ActiveCfg = Release|Any CPU
		{63935C82-7E0D-4B86-A8BB-9E3A52CE9502}.Release|Any CPU.Build.0 = Release|Any CPU
		{63935C82-7E0D-4B86-A8BB-9E3A52CE9502}.Release|x64.ActiveCfg = Release|Any CPU
		{63935C82-7E0D-4B86-A8BB-9E3A52CE9502}.Release|x64.Build.0 = Release|Any CPU
		{63935C82-7E0D-4B86-A8BB-9E3A52CE9502}.Release|x86.ActiveCfg = Release|Any CPU
		{63935C82-7E0D-4B86-A8BB-9E3A52CE9502}.Release|x86.Build.0 = Release|Any CPU
	EndGlobalSection
	GlobalSection(SolutionProperties) = preSolution
		HideSolutionNode = FALSE
	EndGlobalSection
	GlobalSection(ExtensibilityGlobals) = postSolution
		SolutionGuid = {0A2F671E-85DD-4867-B2F0-860A2E5C8D83}
	EndGlobalSection
EndGlobal
