
Microsoft Visual Studio Solution File, Format Version 12.00
# Visual Studio Version 16
VisualStudioVersion = 16.0.30717.126
MinimumVisualStudioVersion = 15.0.26124.0
Project("{9A19103F-16F7-4668-BE54-9A1E7A4F7556}") = "WebAnchor.Tests", "WebAnchor.Tests\WebAnchor.Tests.csproj", "{63935C82-7E0D-4B86-A8BB-9E3A52CE9502}"
EndProject
Project("{9A19103F-16F7-4668-BE54-9A1E7A4F7556}") = "WebAnchor.Analyzer", "WebAnchor.Analyzer\WebAnchor.Analyzer\WebAnchor.Analyzer.csproj", "{79675B51-0D72-4F7A-823C-4EC55510F6D0}"
EndProject
Project("{9A19103F-16F7-4668-BE54-9A1E7A4F7556}") = "WebAnchor.Analyzer.Test", "WebAnchor.Analyzer\WebAnchor.Analyzer.Test\WebAnchor.Analyzer.Test.csproj", "{653A81BE-9CBF-4690-9D59-AFD746721D23}"
EndProject
Project("{9A19103F-16F7-4668-BE54-9A1E7A4F7556}") = "WebAnchor.Generators", "WebAnchor.Generators\WebAnchor.Generators.csproj", "{1B4BA14F-5300-4FBF-9EF5-DA1E25CC51D3}"
EndProject
Project("{9A19103F-16F7-4668-BE54-9A1E7A4F7556}") = "WebAnchor", "WebAnchor\WebAnchor.csproj", "{70BC7C65-E9EA-4A05-BBD3-0A3F8410B840}"
EndProject
Project("{FAE04EC0-301F-11D3-BF4B-00C04F79EFBC}") = "WebAnchor.NewtonsoftJson", "WebAnchor.NewtonsoftJson\WebAnchor.NewtonsoftJson.csproj", "{8DD5B5FB-5076-46CA-B636-3F9BF98D5BA0}"
EndProject
Global
	GlobalSection(SolutionConfigurationPlatforms) = preSolution
		Debug|Any CPU = Debug|Any CPU
		Debug|x64 = Debug|x64
		Debug|x86 = Debug|x86
		Release|Any CPU = Release|Any CPU
		Release|x64 = Release|x64
		Release|x86 = Release|x86
	EndGlobalSection
	GlobalSection(ProjectConfigurationPlatforms) = postSolution
		{63935C82-7E0D-4B86-A8BB-9E3A52CE9502}.Debug|Any CPU.ActiveCfg = Debug|Any CPU
		{63935C82-7E0D-4B86-A8BB-9E3A52CE9502}.Debug|Any CPU.Build.0 = Debug|Any CPU
		{63935C82-7E0D-4B86-A8BB-9E3A52CE9502}.Debug|x64.ActiveCfg = Debug|Any CPU
		{63935C82-7E0D-4B86-A8BB-9E3A52CE9502}.Debug|x64.Build.0 = Debug|Any CPU
		{63935C82-7E0D-4B86-A8BB-9E3A52CE9502}.Debug|x86.ActiveCfg = Debug|Any CPU
		{63935C82-7E0D-4B86-A8BB-9E3A52CE9502}.Debug|x86.Build.0 = Debug|Any CPU
		{63935C82-7E0D-4B86-A8BB-9E3A52CE9502}.Release|Any CPU.ActiveCfg = Release|Any CPU
		{63935C82-7E0D-4B86-A8BB-9E3A52CE9502}.Release|Any CPU.Build.0 = Release|Any CPU
		{63935C82-7E0D-4B86-A8BB-9E3A52CE9502}.Release|x64.ActiveCfg = Release|Any CPU
		{63935C82-7E0D-4B86-A8BB-9E3A52CE9502}.Release|x64.Build.0 = Release|Any CPU
		{63935C82-7E0D-4B86-A8BB-9E3A52CE9502}.Release|x86.ActiveCfg = Release|Any CPU
		{63935C82-7E0D-4B86-A8BB-9E3A52CE9502}.Release|x86.Build.0 = Release|Any CPU
		{79675B51-0D72-4F7A-823C-4EC55510F6D0}.Debug|Any CPU.ActiveCfg = Debug|Any CPU
		{79675B51-0D72-4F7A-823C-4EC55510F6D0}.Debug|Any CPU.Build.0 = Debug|Any CPU
		{79675B51-0D72-4F7A-823C-4EC55510F6D0}.Debug|x64.ActiveCfg = Debug|Any CPU
		{79675B51-0D72-4F7A-823C-4EC55510F6D0}.Debug|x64.Build.0 = Debug|Any CPU
		{79675B51-0D72-4F7A-823C-4EC55510F6D0}.Debug|x86.ActiveCfg = Debug|Any CPU
		{79675B51-0D72-4F7A-823C-4EC55510F6D0}.Debug|x86.Build.0 = Debug|Any CPU
		{79675B51-0D72-4F7A-823C-4EC55510F6D0}.Release|Any CPU.ActiveCfg = Release|Any CPU
		{79675B51-0D72-4F7A-823C-4EC55510F6D0}.Release|Any CPU.Build.0 = Release|Any CPU
		{79675B51-0D72-4F7A-823C-4EC55510F6D0}.Release|x64.ActiveCfg = Release|Any CPU
		{79675B51-0D72-4F7A-823C-4EC55510F6D0}.Release|x64.Build.0 = Release|Any CPU
		{79675B51-0D72-4F7A-823C-4EC55510F6D0}.Release|x86.ActiveCfg = Release|Any CPU
		{79675B51-0D72-4F7A-823C-4EC55510F6D0}.Release|x86.Build.0 = Release|Any CPU
		{653A81BE-9CBF-4690-9D59-AFD746721D23}.Debug|Any CPU.ActiveCfg = Debug|Any CPU
		{653A81BE-9CBF-4690-9D59-AFD746721D23}.Debug|Any CPU.Build.0 = Debug|Any CPU
		{653A81BE-9CBF-4690-9D59-AFD746721D23}.Debug|x64.ActiveCfg = Debug|Any CPU
		{653A81BE-9CBF-4690-9D59-AFD746721D23}.Debug|x64.Build.0 = Debug|Any CPU
		{653A81BE-9CBF-4690-9D59-AFD746721D23}.Debug|x86.ActiveCfg = Debug|Any CPU
		{653A81BE-9CBF-4690-9D59-AFD746721D23}.Debug|x86.Build.0 = Debug|Any CPU
		{653A81BE-9CBF-4690-9D59-AFD746721D23}.Release|Any CPU.ActiveCfg = Release|Any CPU
		{653A81BE-9CBF-4690-9D59-AFD746721D23}.Release|Any CPU.Build.0 = Release|Any CPU
		{653A81BE-9CBF-4690-9D59-AFD746721D23}.Release|x64.ActiveCfg = Release|Any CPU
		{653A81BE-9CBF-4690-9D59-AFD746721D23}.Release|x64.Build.0 = Release|Any CPU
		{653A81BE-9CBF-4690-9D59-AFD746721D23}.Release|x86.ActiveCfg = Release|Any CPU
		{653A81BE-9CBF-4690-9D59-AFD746721D23}.Release|x86.Build.0 = Release|Any CPU
		{1B4BA14F-5300-4FBF-9EF5-DA1E25CC51D3}.Debug|Any CPU.ActiveCfg = Debug|Any CPU
		{1B4BA14F-5300-4FBF-9EF5-DA1E25CC51D3}.Debug|Any CPU.Build.0 = Debug|Any CPU
		{1B4BA14F-5300-4FBF-9EF5-DA1E25CC51D3}.Debug|x64.ActiveCfg = Debug|Any CPU
		{1B4BA14F-5300-4FBF-9EF5-DA1E25CC51D3}.Debug|x64.Build.0 = Debug|Any CPU
		{1B4BA14F-5300-4FBF-9EF5-DA1E25CC51D3}.Debug|x86.ActiveCfg = Debug|Any CPU
		{1B4BA14F-5300-4FBF-9EF5-DA1E25CC51D3}.Debug|x86.Build.0 = Debug|Any CPU
		{1B4BA14F-5300-4FBF-9EF5-DA1E25CC51D3}.Release|Any CPU.ActiveCfg = Release|Any CPU
		{1B4BA14F-5300-4FBF-9EF5-DA1E25CC51D3}.Release|Any CPU.Build.0 = Release|Any CPU
		{1B4BA14F-5300-4FBF-9EF5-DA1E25CC51D3}.Release|x64.ActiveCfg = Release|Any CPU
		{1B4BA14F-5300-4FBF-9EF5-DA1E25CC51D3}.Release|x64.Build.0 = Release|Any CPU
		{1B4BA14F-5300-4FBF-9EF5-DA1E25CC51D3}.Release|x86.ActiveCfg = Release|Any CPU
		{1B4BA14F-5300-4FBF-9EF5-DA1E25CC51D3}.Release|x86.Build.0 = Release|Any CPU
		{70BC7C65-E9EA-4A05-BBD3-0A3F8410B840}.Debug|Any CPU.ActiveCfg = Debug|Any CPU
		{70BC7C65-E9EA-4A05-BBD3-0A3F8410B840}.Debug|Any CPU.Build.0 = Debug|Any CPU
		{70BC7C65-E9EA-4A05-BBD3-0A3F8410B840}.Debug|x64.ActiveCfg = Debug|Any CPU
		{70BC7C65-E9EA-4A05-BBD3-0A3F8410B840}.Debug|x64.Build.0 = Debug|Any CPU
		{70BC7C65-E9EA-4A05-BBD3-0A3F8410B840}.Debug|x86.ActiveCfg = Debug|Any CPU
		{70BC7C65-E9EA-4A05-BBD3-0A3F8410B840}.Debug|x86.Build.0 = Debug|Any CPU
		{70BC7C65-E9EA-4A05-BBD3-0A3F8410B840}.Release|Any CPU.ActiveCfg = Release|Any CPU
		{70BC7C65-E9EA-4A05-BBD3-0A3F8410B840}.Release|Any CPU.Build.0 = Release|Any CPU
		{70BC7C65-E9EA-4A05-BBD3-0A3F8410B840}.Release|x64.ActiveCfg = Release|Any CPU
		{70BC7C65-E9EA-4A05-BBD3-0A3F8410B840}.Release|x64.Build.0 = Release|Any CPU
		{70BC7C65-E9EA-4A05-BBD3-0A3F8410B840}.Release|x86.ActiveCfg = Release|Any CPU
		{70BC7C65-E9EA-4A05-BBD3-0A3F8410B840}.Release|x86.Build.0 = Release|Any CPU
		{8DD5B5FB-5076-46CA-B636-3F9BF98D5BA0}.Debug|Any CPU.ActiveCfg = Debug|Any CPU
		{8DD5B5FB-5076-46CA-B636-3F9BF98D5BA0}.Debug|Any CPU.Build.0 = Debug|Any CPU
		{8DD5B5FB-5076-46CA-B636-3F9BF98D5BA0}.Debug|x64.ActiveCfg = Debug|Any CPU
		{8DD5B5FB-5076-46CA-B636-3F9BF98D5BA0}.Debug|x64.Build.0 = Debug|Any CPU
		{8DD5B5FB-5076-46CA-B636-3F9BF98D5BA0}.Debug|x86.ActiveCfg = Debug|Any CPU
		{8DD5B5FB-5076-46CA-B636-3F9BF98D5BA0}.Debug|x86.Build.0 = Debug|Any CPU
		{8DD5B5FB-5076-46CA-B636-3F9BF98D5BA0}.Release|Any CPU.ActiveCfg = Release|Any CPU
		{8DD5B5FB-5076-46CA-B636-3F9BF98D5BA0}.Release|Any CPU.Build.0 = Release|Any CPU
		{8DD5B5FB-5076-46CA-B636-3F9BF98D5BA0}.Release|x64.ActiveCfg = Release|Any CPU
		{8DD5B5FB-5076-46CA-B636-3F9BF98D5BA0}.Release|x64.Build.0 = Release|Any CPU
		{8DD5B5FB-5076-46CA-B636-3F9BF98D5BA0}.Release|x86.ActiveCfg = Release|Any CPU
		{8DD5B5FB-5076-46CA-B636-3F9BF98D5BA0}.Release|x86.Build.0 = Release|Any CPU
	EndGlobalSection
	GlobalSection(SolutionProperties) = preSolution
		HideSolutionNode = FALSE
	EndGlobalSection
	GlobalSection(ExtensibilityGlobals) = postSolution
		SolutionGuid = {0A2F671E-85DD-4867-B2F0-860A2E5C8D83}
	EndGlobalSection
EndGlobal
