
Microsoft Visual Studio Solution File, Format Version 12.00
# Visual Studio 2012
Project("{FAE04EC0-301F-11D3-BF4B-00C04F79EFBC}") = "WebAnchor", "WebAnchor\WebAnchor.csproj", "{B1DD962D-1A42-435C-8FBD-0DDF3390BE53}"
EndProject
Project("{FAE04EC0-301F-11D3-BF4B-00C04F79EFBC}") = "WebAnchor.Tests", "WebAnchor.Tests\WebAnchor.Tests.csproj", "{63935C82-7E0D-4B86-A8BB-9E3A52CE9502}"
EndProject
Project("{2150E333-8FDC-42A3-9474-1A3956D46DE8}") = "Solution Items", "Solution Items", "{83C966CB-11D4-4542-8EB3-2061E74647E4}"
	ProjectSection(SolutionItems) = preProject
		appveyor.yml = appveyor.yml
		ProductAssemblyInfo.cs = ProductAssemblyInfo.cs
	EndProjectSection
EndProject
Global
	GlobalSection(SolutionConfigurationPlatforms) = preSolution
		Debug|Any CPU = Debug|Any CPU
		Release|Any CPU = Release|Any CPU
	EndGlobalSection
	GlobalSection(ProjectConfigurationPlatforms) = postSolution
		{B1DD962D-1A42-435C-8FBD-0DDF3390BE53}.Debug|Any CPU.ActiveCfg = Debug|Any CPU
		{B1DD962D-1A42-435C-8FBD-0DDF3390BE53}.Debug|Any CPU.Build.0 = Debug|Any CPU
		{B1DD962D-1A42-435C-8FBD-0DDF3390BE53}.Release|Any CPU.ActiveCfg = Release|Any CPU
		{B1DD962D-1A42-435C-8FBD-0DDF3390BE53}.Release|Any CPU.Build.0 = Release|Any CPU
		{63935C82-7E0D-4B86-A8BB-9E3A52CE9502}.Debug|Any CPU.ActiveCfg = Debug|Any CPU
		{63935C82-7E0D-4B86-A8BB-9E3A52CE9502}.Debug|Any CPU.Build.0 = Debug|Any CPU
		{63935C82-7E0D-4B86-A8BB-9E3A52CE9502}.Release|Any CPU.ActiveCfg = Release|Any CPU
		{63935C82-7E0D-4B86-A8BB-9E3A52CE9502}.Release|Any CPU.Build.0 = Release|Any CPU
	EndGlobalSection
	GlobalSection(SolutionProperties) = preSolution
		HideSolutionNode = FALSE
	EndGlobalSection
EndGlobal
